PODS:
  - CSL-CS108 (1.2.0)
  - SimplyChainway (0.2.8)

DEPENDENCIES:
  - CSL-CS108
  - SimplyChainway

SPEC REPOS:
  trunk:
    - CSL-CS108
    - SimplyChainway

SPEC CHECKSUMS:
  CSL-CS108: 64d27d17ed59a6ce72b8fbc6ee7501266839470f
  SimplyChainway: 4fda16494fde5439c2dff49b4e0e3af2566df58c

PODFILE CHECKSUM: 520b39b1b866e8244ac13967ec1cdd8c1f251def

COCOAPODS: 1.12.0
