PODS:
  - CSL-CS108 (1.2.1)
  - SimplyChainway (0.2.8)

DEPENDENCIES:
  - CSL-CS108
  - SimplyChainway

SPEC REPOS:
  trunk:
    - CSL-CS108
    - SimplyChainway

SPEC CHECKSUMS:
  CSL-CS108: 43a6f7b16d3ac81a2918f768c5014d70e056a3a0
  SimplyChainway: 4fda16494fde5439c2dff49b4e0e3af2566df58c

PODFILE CHECKSUM: 520b39b1b866e8244ac13967ec1cdd8c1f251def

COCOAPODS: 1.12.1
